github.com/Piszmog/cfservices v1.3.1 h1:xiX4kjYJUxJYUBDgUJ+OgdqUsLX48yFq8YMZs/gdGyE=
github.com/Piszmog/cfservices v1.3.1/go.mod h1:uxLe5gKNnODE9Bt1aJd5WjaeTg8/Qr6Dibd1wFgfAwk=
github.com/golang/protobuf v1.1.0/go.mod h1:6lQm79b+lXiMfvg/cZm0SGofjICqVBUtrP5yJMmIC1U=
github.com/pkg/errors v0.8.0/go.mod h1:bwawxfHBFNV+L2hUp1rHADufV3IMtnDRdf1r5NINEl0=
golang.org/x/net v0.0.0-20180808004115-f9ce57c11b24 h1:mEsFm194MmS9vCwxFy+zwu0EU7ZkxxMD1iH++vmGdUY=
golang.org/x/net v0.0.0-20180808004115-f9ce57c11b24/go.mod h1:mL1N/T3taQHkDXs73rZJwtUhF3w3ftmwwsq0BUmARs4=
golang.org/x/oauth2 v0.0.0-20180724155351-3d292e4d0cdc h1:3ElrZeO6IBP+M8kgu5YFwRo92Gqr+zBg3aooYQ6ziqU=
golang.org/x/oauth2 v0.0.0-20180724155351-3d292e4d0cdc/go.mod h1:N/0e6XlmueqKjAGxoOufVs8QHGRruUQn6yWY3a++T0U=
google.golang.org/appengine v1.1.0 h1:igQkv0AAhEIvTEpD5LIpAfav2eeVO9HBTjvKHVJPRSs=
google.golang.org/appengine v1.1.0/go.mod h1:EbEs0AVv82hx2wNQdGPgUI5lhzA/G0D9YwlJXL52JkM=
