github.com/Piszmog/cfservices v1.3.5 h1:2IYneTEX90IhsSEA2xxSGf8AUgxcJrEyeJCoOI1nrKs=
github.com/Piszmog/cfservices v1.3.5/go.mod h1:44R6Fu07XQvBkK470cCNZRo3QKjoYkvYuJb4mvV69VY=
github.com/Piszmog/httpclient v1.0.3 h1:DBaEIXXqMoGkX7VYpUVxbmDJd2bmfaFJngm9ZEOlpTs=
github.com/Piszmog/httpclient v1.0.3/go.mod h1:Kl3+2ZVsjPLTownDvoPUW5ROhnF8i5PROzySDQ19/DQ=
github.com/golang/protobuf v1.2.0 h1:P3YflyNX/ehuJFLhxviNdFxQPkGK5cDcApsge1SqnvM=
github.com/golang/protobuf v1.2.0/go.mod h1:6lQm79b+lXiMfvg/cZm0SGofjICqVBUtrP5yJMmIC1U=
github.com/pkg/errors v0.8.1 h1:iURUrRGxPUNPdy5/HRSm+Yj6okJ6UtLINN0Q9M4+h3I=
github.com/pkg/errors v0.8.1/go.mod h1:bwawxfHBFNV+L2hUp1rHADufV3IMtnDRdf1r5NINEl0=
golang.org/x/net v0.0.0-20180724234803-3673e40ba225/go.mod h1:mL1N/T3taQHkDXs73rZJwtUhF3w3ftmwwsq0BUmARs4=
golang.org/x/net v0.0.0-20180808004115-f9ce57c11b24 h1:mEsFm194MmS9vCwxFy+zwu0EU7ZkxxMD1iH++vmGdUY=
golang.org/x/net v0.0.0-20180808004115-f9ce57c11b24/go.mod h1:mL1N/T3taQHkDXs73rZJwtUhF3w3ftmwwsq0BUmARs4=
golang.org/x/oauth2 v0.0.0-20180724155351-3d292e4d0cdc h1:3ElrZeO6IBP+M8kgu5YFwRo92Gqr+zBg3aooYQ6ziqU=
golang.org/x/oauth2 v0.0.0-20180724155351-3d292e4d0cdc/go.mod h1:N/0e6XlmueqKjAGxoOufVs8QHGRruUQn6yWY3a++T0U=
golang.org/x/sync v0.0.0-20190227155943-e225da77a7e6 h1:bjcUS9ztw9kFmmIxJInhon/0Is3p+EHBKNgquIzo1OI=
golang.org/x/sync v0.0.0-20190227155943-e225da77a7e6/go.mod h1:RxMgew5VJxzue5/jJTE5uejpjVlOe/izrB70Jof72aM=
golang.org/x/text v0.3.0/go.mod h1:NqM8EUOU14njkJ3fqMW+pc6Ldnwhi/IjpwHt7yyuwOQ=
google.golang.org/appengine v1.5.0 h1:KxkO13IPW4Lslp2bz+KHP2E3gtFlrIGNThxkZQ3g+4c=
google.golang.org/appengine v1.5.0/go.mod h1:xpcJRLb0r/rnEns0DIKYYv+WjYCduHsrkT7/EB5XEv4=
